// !$*UTF8*$!
{
	archiveVersion = 1;
	classes = {
	};
	objectVersion = 77;
	objects = {

/* Begin PBXContainerItemProxy section */
		15A41F5B2FB64D8200C18B94 /* PBXContainerItemProxy */ = {
			isa = PBXContainerItemProxy;
			containerPortal = 15A41F412FB64D8100C18B94 /* Project object */;
			proxyType = 1;
			remoteGlobalIDString = 15A41F482FB64D8200C18B94;
			remoteInfo = "ES Kairos";
		};
		15A41F652FB64D8200C18B94 /* PBXContainerItemProxy */ = {
			isa = PBXContainerItemProxy;
			containerPortal = 15A41F412FB64D8100C18B94 /* Project object */;
			proxyType = 1;
			remoteGlobalIDString = 15A41F482FB64D8200C18B94;
			remoteInfo = "ES Kairos";
		};
/* End PBXContainerItemProxy section */

/* Begin PBXFileReference section */
		15A41F492FB64D8200C18B94 /* ES Kairos.app */ = {isa = PBXFileReference; explicitFileType = wrapper.application; includeInIndex = 0; path = "ES Kairos.app"; sourceTree = BUILT_PRODUCTS_DIR; };
		15A41F5A2FB64D8200C18B94 /* ES KairosTests.xctest */ = {isa = PBXFileReference; explicitFileType = wrapper.cfbundle; includeInIndex = 0; path = "ES KairosTests.xctest"; sourceTree = BUILT_PRODUCTS_DIR; };
		15A41F642FB64D8200C18B94 /* ES KairosUITests.xctest */ = {isa = PBXFileReference; explicitFileType = wrapper.cfbundle; includeInIndex = 0; path = "ES KairosUITests.xctest"; sourceTree = BUILT_PRODUCTS_DIR; };
/* End PBXFileReference section */

/* Begin PBXFileSystemSynchronizedRootGroup section */
		15A41F4B2FB64D8200C18B94 /* ES Kairos */ = {
			isa = PBXFileSystemSynchronizedRootGroup;
			path = "ES Kairos";
			sourceTree = "<group>";
		};
		15A41F5D2FB64D8200C18B94 /* ES KairosTests */ = {
			isa = PBXFileSystemSynchronizedRootGroup;
			path = "ES KairosTests";
			sourceTree = "<group>";
		};
		15A41F672FB64D8200C18B94 /* ES KairosUITests */ = {
			isa = PBXFileSystemSynchronizedRootGroup;
			path = "ES KairosUITests";
			sourceTree = "<group>";
		};
/* End PBXFileSystemSynchronizedRootGroup section */

/* Begin PBXFrameworksBuildPhase section */
		15A41F462FB64D8200C18B94 /* Frameworks */ = {
			isa = PBXFrameworksBuildPhase;
			buildActionMask = 2147483647;
			files = (
			);
			runOnlyForDeploymentPostprocessing = 0;
		};
		15A41F572FB64D8200C18B94 /* Frameworks */ = {
			isa = PBXFrameworksBuildPhase;
			buildActionMask = 2147483647;
			files = (
			);
			runOnlyForDeploymentPostprocessing = 0;
		};
		15A41F612FB64D8200C18B94 /* Frameworks */ = {
			isa = PBXFrameworksBuildPhase;
			buildActionMask = 2147483647;
			files = (
			);
			runOnlyForDeploymentPostprocessing = 0;
		};
/* End PBXFrameworksBuildPhase section */

/* Begin PBXGroup section */
		15A41F402FB64D8100C18B94 = {
			isa = PBXGroup;
			children = (
				15A41F4B2FB64D8200C18B94 /* ES Kairos */,
				15A41F5D2FB64D8200C18B94 /* ES KairosTests */,
				15A41F672FB64D8200C18B94 /* ES KairosUITests */,
				15A41F4A2FB64D8200C18B94 /* Products */,
			);
			sourceTree = "<group>";
		};
		15A41F4A2FB64D8200C18B94 /* Products */ = {
			isa = PBXGroup;
			children = (
				15A41F492FB64D8200C18B94 /* ES Kairos.app */,
				15A41F5A2FB64D8200C18B94 /* ES KairosTests.xctest */,
				15A41F642FB64D8200C18B94 /* ES KairosUITests.xctest */,
			);
			name = Products;
			sourceTree = "<group>";
		};
/* End PBXGroup section */

/* Begin PBXNativeTarget section */
		15A41F482FB64D8200C18B94 /* ES Kairos */ = {
			isa = PBXNativeTarget;
			buildConfigurationList = 15A41F6E2FB64D8200C18B94 /* Build configuration list for PBXNativeTarget "ES Kairos" */;
			buildPhases = (
				15A41F452FB64D8200C18B94 /* Sources */,
				15A41F462FB64D8200C18B94 /* Frameworks */,
				15A41F472FB64D8200C18B94 /* Resources */,
			);
			buildRules = (
			);
			dependencies = (
			);
			fileSystemSynchronizedGroups = (
				15A41F4B2FB64D8200C18B94 /* ES Kairos */,
			);
			name = "ES Kairos";
			packageProductDependencies = (
			);
			productName = "ES Kairos";
			productReference = 15A41F492FB64D8200C18B94 /* ES Kairos.app */;
			productType = "com.apple.product-type.application";
		};
		15A41F592FB64D8200C18B94 /* ES KairosTests */ = {
			isa = PBXNativeTarget;
			buildConfigurationList = 15A41F712FB64D8200C18B94 /* Build configuration list for PBXNativeTarget "ES KairosTests" */;
			buildPhases = (
				15A41F562FB64D8200C18B94 /* Sources */,
				15A41F572FB64D8200C18B94 /* Frameworks */,
				15A41F582FB64D8200C18B94 /* Resources */,
			);
			buildRules = (
			);
			dependencies = (
				15A41F5C2FB64D8200C18B94 /* PBXTargetDependency */,
			);
			fileSystemSynchronizedGroups = (
				15A41F5D2FB64D8200C18B94 /* ES KairosTests */,
			);
			name = "ES KairosTests";
			packageProductDependencies = (
			);
			productName = "ES KairosTests";
			productReference = 15A41F5A2FB64D8200C18B94 /* ES KairosTests.xctest */;
			productType = "com.apple.product-type.bundle.unit-test";
		};
		15A41F632FB64D8200C18B94 /* ES KairosUITests */ = {
			isa = PBXNativeTarget;
			buildConfigurationList = 15A41F742FB64D8200C18B94 /* Build configuration list for PBXNativeTarget "ES KairosUITests" */;
			buildPhases = (
				15A41F602FB64D8200C18B94 /* Sources */,
				15A41F612FB64D8200C18B94 /* Frameworks */,
				15A41F622FB64D8200C18B94 /* Resources */,
			);
			buildRules = (
			);
			dependencies = (
				15A41F662FB64D8200C18B94 /* PBXTargetDependency */,
			);
			fileSystemSynchronizedGroups = (
				15A41F672FB64D8200C18B94 /* ES KairosUITests */,
			);
			name = "ES KairosUITests";
			packageProductDependencies = (
			);
			productName = "ES KairosUITests";
			productReference = 15A41F642FB64D8200C18B94 /* ES KairosUITests.xctest */;
			productType = "com.apple.product-type.bundle.ui-testing";
		};
/* End PBXNativeTarget section */

/* Begin PBXProject section */
		15A41F412FB64D8100C18B94 /* Project object */ = {
			isa = PBXProject;
			attributes = {
				BuildIndependentTargetsInParallel = 1;
				LastUpgradeCheck = 2650;
				TargetAttributes = {
					15A41F482FB64D8200C18B94 = {
						CreatedOnToolsVersion = 26.5;
					};
					15A41F592FB64D8200C18B94 = {
						CreatedOnToolsVersion = 26.5;
						TestTargetID = 15A41F482FB64D8200C18B94;
					};
					15A41F632FB64D8200C18B94 = {
						CreatedOnToolsVersion = 26.5;
						TestTargetID = 15A41F482FB64D8200C18B94;
					};
				};
			};
			buildConfigurationList = 15A41F442FB64D8100C18B94 /* Build configuration list for PBXProject "ES Kairos" */;
			developmentRegion = en;
			hasScannedForEncodings = 0;
			knownRegions = (
				en,
				Base,
			);
			mainGroup = 15A41F402FB64D8100C18B94;
			minimizedProjectReferenceProxies = 1;
			preferredProjectObjectVersion = 77;
			productRefGroup = 15A41F4A2FB64D8200C18B94 /* Products */;
			projectDirPath = "";
			projectRoot = "";
			targets = (
				15A41F482FB64D8200C18B94 /* ES Kairos */,
				15A41F592FB64D8200C18B94 /* ES KairosTests */,
				15A41F632FB64D8200C18B94 /* ES KairosUITests */,
			);
		};
/* End PBXProject section */

/* Begin PBXResourcesBuildPhase section */
		15A41F472FB64D8200C18B94 /* Resources */ = {
			isa = PBXResourcesBuildPhase;
			buildActionMask = 2147483647;
			files = (
			);
			runOnlyForDeploymentPostprocessing = 0;
		};
		15A41F582FB64D8200C18B94 /* Resources */ = {
			isa = PBXResourcesBuildPhase;
			buildActionMask = 2147483647;
			files = (
			);
			runOnlyForDeploymentPostprocessing = 0;
		};
		15A41F622FB64D8200C18B94 /* Resources */ = {
			isa = PBXResourcesBuildPhase;
			buildActionMask = 2147483647;
			files = (
			);
			runOnlyForDeploymentPostprocessing = 0;
		};
/* End PBXResourcesBuildPhase section */

/* Begin PBXSourcesBuildPhase section */
		15A41F452FB64D8200C18B94 /* Sources */ = {
			isa = PBXSourcesBuildPhase;
			buildActionMask = 2147483647;
			files = (
			);
			runOnlyForDeploymentPostprocessing = 0;
		};
		15A41F562FB64D8200C18B94 /* Sources */ = {
			isa = PBXSourcesBuildPhase;
			buildActionMask = 2147483647;
			files = (
			);
			runOnlyForDeploymentPostprocessing = 0;
		};
		15A41F602FB64D8200C18B94 /* Sources */ = {
			isa = PBXSourcesBuildPhase;
			buildActionMask = 2147483647;
			files = (
			);
			runOnlyForDeploymentPostprocessing = 0;
		};
/* End PBXSourcesBuildPhase section */

/* Begin PBXTargetDependency section */
		15A41F5C2FB64D8200C18B94 /* PBXTargetDependency */ = {
			isa = PBXTargetDependency;
			target = 15A41F482FB64D8200C18B94 /* ES Kairos */;
			targetProxy = 15A41F5B2FB64D8200C18B94 /* PBXContainerItemProxy */;
		};
		15A41F662FB64D8200C18B94 /* PBXTargetDependency */ = {
			isa = PBXTargetDependency;
			target = 15A41F482FB64D8200C18B94 /* ES Kairos */;
			targetProxy = 15A41F652FB64D8200C18B94 /* PBXContainerItemProxy */;
		};
/* End PBXTargetDependency section */

/* Begin XCBuildConfiguration section */
		15A41F6C2FB64D8200C18B94 /* Debug */ = {
			isa = XCBuildConfiguration;
			buildSettings = {
				ALWAYS_SEARCH_USER_PATHS = NO;
				ASSETCATALOG_COMPILER_GENERATE_SWIFT_ASSET_SYMBOL_EXTENSIONS = YES;
				CLANG_ANALYZER_NONNULL = YES;
				CLANG_ANALYZER_NUMBER_OBJECT_CONVERSION = YES_AGGRESSIVE;
				CLANG_CXX_LANGUAGE_STANDARD = "gnu++20";
				CLANG_ENABLE_MODULES = YES;
				CLANG_ENABLE_OBJC_ARC = YES;
				CLANG_ENABLE_OBJC_WEAK = YES;
				CLANG_WARN_BLOCK_CAPTURE_AUTORELEASING = YES;
				CLANG_WARN_BOOL_CONVERSION = YES;
				CLANG_WARN_COMMA = YES;
				CLANG_WARN_CONSTANT_CONVERSION = YES;
				CLANG_WARN_DEPRECATED_OBJC_IMPLEMENTATIONS = YES;
				CLANG_WARN_DIRECT_OBJC_ISA_USAGE = YES_ERROR;
				CLANG_WARN_DOCUMENTATION_COMMENTS = YES;
				CLANG_WARN_EMPTY_BODY = YES;
				CLANG_WARN_ENUM_CONVERSION = YES;
				CLANG_WARN_INFINITE_RECURSION = YES;
				CLANG_WARN_INT_CONVERSION = YES;
				CLANG_WARN_NON_LITERAL_NULL_CONVERSION = YES;
				CLANG_WARN_OBJC_IMPLICIT_RETAIN_SELF = YES;
				CLANG_WARN_OBJC_LITERAL_CONVERSION = YES;
				CLANG_WARN_OBJC_ROOT_CLASS = YES_ERROR;
				CLANG_WARN_QUOTED_INCLUDE_IN_FRAMEWORK_HEADER = YES;
				CLANG_WARN_RANGE_LOOP_ANALYSIS = YES;
				CLANG_WARN_STRICT_PROTOTYPES = YES;
				CLANG_WARN_SUSPICIOUS_MOVE = YES;
				CLANG_WARN_UNGUARDED_AVAILABILITY = YES_AGGRESSIVE;
				CLANG_WARN_UNREACHABLE_CODE = YES;
				CLANG_WARN__DUPLICATE_METHOD_MATCH = YES;
				COPY_PHASE_STRIP = NO;
				DEBUG_INFORMATION_FORMAT = dwarf;
				DEVELOPMENT_TEAM = 2PYWYF3C55;
				ENABLE_STRICT_OBJC_MSGSEND = YES;
				ENABLE_TESTABILITY = YES;
				ENABLE_USER_SCRIPT_SANDBOXING = YES;
				GCC_C_LANGUAGE_STANDARD = gnu17;
				GCC_DYNAMIC_NO_PIC = NO;
				GCC_NO_COMMON_BLOCKS = YES;
				GCC_OPTIMIZATION_LEVEL = 0;
				GCC_PREPROCESSOR_DEFINITIONS = (
					"DEBUG=1",
					"$(inherited)",
				);
				GCC_WARN_64_TO_32_BIT_CONVERSION = YES;
				GCC_WARN_ABOUT_RETURN_TYPE = YES_ERROR;
				GCC_WARN_UNDECLARED_SELECTOR = YES;
				GCC_WARN_UNINITIALIZED_AUTOS = YES_AGGRESSIVE;
				GCC_WARN_UNUSED_FUNCTION = YES;
				GCC_WARN_UNUSED_VARIABLE = YES;
				LOCALIZATION_PREFERS_STRING_CATALOGS = YES;
				MACOSX_DEPLOYMENT_TARGET = 26.5;
				MTL_ENABLE_DEBUG_INFO = INCLUDE_SOURCE;
				MTL_FAST_MATH = YES;
				ONLY_ACTIVE_ARCH = YES;
				SDKROOT = macosx;
			};
			name = Debug;
		};
		15A41F6D2FB64D8200C18B94 /* Release */ = {
			isa = XCBuildConfiguration;
			buildSettings = {
				ALWAYS_SEARCH_USER_PATHS = NO;
				ASSETCATALOG_COMPILER_GENERATE_SWIFT_ASSET_SYMBOL_EXTENSIONS = YES;
				CLANG_ANALYZER_NONNULL = YES;
				CLANG_ANALYZER_NUMBER_OBJECT_CONVERSION = YES_AGGRESSIVE;
				CLANG_CXX_LANGUAGE_STANDARD = "gnu++20";
				CLANG_ENABLE_MODULES = YES;
				CLANG_ENABLE_OBJC_ARC = YES;
				CLANG_ENABLE_OBJC_WEAK = YES;
				CLANG_WARN_BLOCK_CAPTURE_AUTORELEASING = YES;
				CLANG_WARN_BOOL_CONVERSION = YES;
				CLANG_WARN_COMMA = YES;
				CLANG_WARN_CONSTANT_CONVERSION = YES;
				CLANG_WARN_DEPRECATED_OBJC_IMPLEMENTATIONS = YES;
				CLANG_WARN_DIRECT_OBJC_ISA_USAGE = YES_ERROR;
				CLANG_WARN_DOCUMENTATION_COMMENTS = YES;
				CLANG_WARN_EMPTY_BODY = YES;
				CLANG_WARN_ENUM_CONVERSION = YES;
				CLANG_WARN_INFINITE_RECURSION = YES;
				CLANG_WARN_INT_CONVERSION = YES;
				CLANG_WARN_NON_LITERAL_NULL_CONVERSION = YES;
				CLANG_WARN_OBJC_IMPLICIT_RETAIN_SELF = YES;
				CLANG_WARN_OBJC_LITERAL_CONVERSION = YES;
				CLANG_WARN_OBJC_ROOT_CLASS = YES_ERROR;
				CLANG_WARN_QUOTED_INCLUDE_IN_FRAMEWORK_HEADER = YES;
				CLANG_WARN_RANGE_LOOP_ANALYSIS = YES;
				CLANG_WARN_STRICT_PROTOTYPES = YES;
				CLANG_WARN_SUSPICIOUS_MOVE = YES;
				CLANG_WARN_UNGUARDED_AVAILABILITY = YES_AGGRESSIVE;
				CLANG_WARN_UNREACHABLE_CODE = YES;
				CLANG_WARN__DUPLICATE_METHOD_MATCH = YES;
				COPY_PHASE_STRIP = NO;
				DEBUG_INFORMATION_FORMAT = "dwarf-with-dsym";
				DEVELOPMENT_TEAM = 2PYWYF3C55;
				ENABLE_NS_ASSERTIONS = NO;
				ENABLE_STRICT_OBJC_MSGSEND = YES;
				ENABLE_USER_SCRIPT_SANDBOXING = YES;
				GCC_C_LANGUAGE_STANDARD = gnu17;
				GCC_NO_COMMON_BLOCKS = YES;
				GCC_WARN_64_TO_32_BIT_CONVERSION = YES;
				GCC_WARN_ABOUT_RETURN_TYPE = YES_ERROR;
				GCC_WARN_UNDECLARED_SELECTOR = YES;
				GCC_WARN_UNINITIALIZED_AUTOS = YES_AGGRESSIVE;
				GCC_WARN_UNUSED_FUNCTION = YES;
				GCC_WARN_UNUSED_VARIABLE = YES;
				LOCALIZATION_PREFERS_STRING_CATALOGS = YES;
				MACOSX_DEPLOYMENT_TARGET = 26.5;
				MTL_ENABLE_DEBUG_INFO = NO;
				MTL_FAST_MATH = YES;
				SDKROOT = macosx;
			};
			name = Release;
		};
		15A41F6F2FB64D8200C18B94 /* Debug */ = {
			isa = XCBuildConfiguration;
			buildSettings = {
				ASSETCATALOG_COMPILER_APPICON_NAME = AppIcon;
				ASSETCATALOG_COMPILER_GLOBAL_ACCENT_COLOR_NAME = AccentColor;
				CODE_SIGN_STYLE = Automatic;
				COMBINE_HIDPI_IMAGES = YES;
				CURRENT_PROJECT_VERSION = 1;
				DEVELOPMENT_TEAM = 2PYWYF3C55;
				ENABLE_APP_SANDBOX = YES;
				ENABLE_HARDENED_RUNTIME = YES;
				ENABLE_USER_SELECTED_FILES = readonly;
				GENERATE_INFOPLIST_FILE = YES;
				INFOPLIST_KEY_NSHumanReadableCopyright = "";
				INFOPLIST_KEY_NSMainNibFile = MainMenu;
				INFOPLIST_KEY_NSPrincipalClass = NSApplication;
				LD_RUNPATH_SEARCH_PATHS = (
					"$(inherited)",
					"@executable_path/../Frameworks",
				);
				MARKETING_VERSION = 1.0;
				PRODUCT_BUNDLE_IDENTIFIER = "com.elarity.ES-Kairos";
				PRODUCT_NAME = "$(TARGET_NAME)";
				REGISTER_APP_GROUPS = YES;
				STRING_CATALOG_GENERATE_SYMBOLS = YES;
				SWIFT_EMIT_LOC_STRINGS = YES;
			};
			name = Debug;
		};
		15A41F702FB64D8200C18B94 /* Release */ = {
			isa = XCBuildConfiguration;
			buildSettings = {
				ASSETCATALOG_COMPILER_APPICON_NAME = AppIcon;
				ASSETCATALOG_COMPILER_GLOBAL_ACCENT_COLOR_NAME = AccentColor;
				CODE_SIGN_STYLE = Automatic;
				COMBINE_HIDPI_IMAGES = YES;
				CURRENT_PROJECT_VERSION = 1;
				DEVELOPMENT_TEAM = 2PYWYF3C55;
				ENABLE_APP_SANDBOX = YES;
				ENABLE_HARDENED_RUNTIME = YES;
				ENABLE_USER_SELECTED_FILES = readonly;
				GENERATE_INFOPLIST_FILE = YES;
				INFOPLIST_KEY_NSHumanReadableCopyright = "";
				INFOPLIST_KEY_NSMainNibFile = MainMenu;
				INFOPLIST_KEY_NSPrincipalClass = NSApplication;
				LD_RUNPATH_SEARCH_PATHS = (
					"$(inherited)",
					"@executable_path/../Frameworks",
				);
				MARKETING_VERSION = 1.0;
				PRODUCT_BUNDLE_IDENTIFIER = "com.elarity.ES-Kairos";
				PRODUCT_NAME = "$(TARGET_NAME)";
				REGISTER_APP_GROUPS = YES;
				STRING_CATALOG_GENERATE_SYMBOLS = YES;
				SWIFT_EMIT_LOC_STRINGS = YES;
			};
			name = Release;
		};
		15A41F722FB64D8200C18B94 /* Debug */ = {
			isa = XCBuildConfiguration;
			buildSettings = {
				BUNDLE_LOADER = "$(TEST_HOST)";
				CODE_SIGN_STYLE = Automatic;
				CURRENT_PROJECT_VERSION = 1;
				DEVELOPMENT_TEAM = 2PYWYF3C55;
				GENERATE_INFOPLIST_FILE = YES;
				MACOSX_DEPLOYMENT_TARGET = 26.5;
				MARKETING_VERSION = 1.0;
				PRODUCT_BUNDLE_IDENTIFIER = "com.elarity.ES-KairosTests";
				PRODUCT_NAME = "$(TARGET_NAME)";
				STRING_CATALOG_GENERATE_SYMBOLS = NO;
				SWIFT_EMIT_LOC_STRINGS = NO;
				TEST_HOST = "$(BUILT_PRODUCTS_DIR)/ES Kairos.app/$(BUNDLE_EXECUTABLE_FOLDER_PATH)/ES Kairos";
			};
			name = Debug;
		};
		15A41F732FB64D8200C18B94 /* Release */ = {
			isa = XCBuildConfiguration;
			buildSettings = {
				BUNDLE_LOADER = "$(TEST_HOST)";
				CODE_SIGN_STYLE = Automatic;
				CURRENT_PROJECT_VERSION = 1;
				DEVELOPMENT_TEAM = 2PYWYF3C55;
				GENERATE_INFOPLIST_FILE = YES;
				MACOSX_DEPLOYMENT_TARGET = 26.5;
				MARKETING_VERSION = 1.0;
				PRODUCT_BUNDLE_IDENTIFIER = "com.elarity.ES-KairosTests";
				PRODUCT_NAME = "$(TARGET_NAME)";
				STRING_CATALOG_GENERATE_SYMBOLS = NO;
				SWIFT_EMIT_LOC_STRINGS = NO;
				TEST_HOST = "$(BUILT_PRODUCTS_DIR)/ES Kairos.app/$(BUNDLE_EXECUTABLE_FOLDER_PATH)/ES Kairos";
			};
			name = Release;
		};
		15A41F752FB64D8200C18B94 /* Debug */ = {
			isa = XCBuildConfiguration;
			buildSettings = {
				CODE_SIGN_STYLE = Automatic;
				CURRENT_PROJECT_VERSION = 1;
				DEVELOPMENT_TEAM = 2PYWYF3C55;
				GENERATE_INFOPLIST_FILE = YES;
				MARKETING_VERSION = 1.0;
				PRODUCT_BUNDLE_IDENTIFIER = "com.elarity.ES-KairosUITests";
				PRODUCT_NAME = "$(TARGET_NAME)";
				STRING_CATALOG_GENERATE_SYMBOLS = NO;
				SWIFT_EMIT_LOC_STRINGS = NO;
				TEST_TARGET_NAME = "ES Kairos";
			};
			name = Debug;
		};
		15A41F762FB64D8200C18B94 /* Release */ = {
			isa = XCBuildConfiguration;
			buildSettings = {
				CODE_SIGN_STYLE = Automatic;
				CURRENT_PROJECT_VERSION = 1;
				DEVELOPMENT_TEAM = 2PYWYF3C55;
				GENERATE_INFOPLIST_FILE = YES;
				MARKETING_VERSION = 1.0;
				PRODUCT_BUNDLE_IDENTIFIER = "com.elarity.ES-KairosUITests";
				PRODUCT_NAME = "$(TARGET_NAME)";
				STRING_CATALOG_GENERATE_SYMBOLS = NO;
				SWIFT_EMIT_LOC_STRINGS = NO;
				TEST_TARGET_NAME = "ES Kairos";
			};
			name = Release;
		};
/* End XCBuildConfiguration section */

/* Begin XCConfigurationList section */
		15A41F442FB64D8100C18B94 /* Build configuration list for PBXProject "ES Kairos" */ = {
			isa = XCConfigurationList;
			buildConfigurations = (
				15A41F6C2FB64D8200C18B94 /* Debug */,
				15A41F6D2FB64D8200C18B94 /* Release */,
			);
			defaultConfigurationIsVisible = 0;
			defaultConfigurationName = Release;
		};
		15A41F6E2FB64D8200C18B94 /* Build configuration list for PBXNativeTarget "ES Kairos" */ = {
			isa = XCConfigurationList;
			buildConfigurations = (
				15A41F6F2FB64D8200C18B94 /* Debug */,
				15A41F702FB64D8200C18B94 /* Release */,
			);
			defaultConfigurationIsVisible = 0;
			defaultConfigurationName = Release;
		};
		15A41F712FB64D8200C18B94 /* Build configuration list for PBXNativeTarget "ES KairosTests" */ = {
			isa = XCConfigurationList;
			buildConfigurations = (
				15A41F722FB64D8200C18B94 /* Debug */,
				15A41F732FB64D8200C18B94 /* Release */,
			);
			defaultConfigurationIsVisible = 0;
			defaultConfigurationName = Release;
		};
		15A41F742FB64D8200C18B94 /* Build configuration list for PBXNativeTarget "ES KairosUITests" */ = {
			isa = XCConfigurationList;
			buildConfigurations = (
				15A41F752FB64D8200C18B94 /* Debug */,
				15A41F762FB64D8200C18B94 /* Release */,
			);
			defaultConfigurationIsVisible = 0;
			defaultConfigurationName = Release;
		};
/* End XCConfigurationList section */
	};
	rootObject = 15A41F412FB64D8100C18B94 /* Project object */;
}
